// !$*UTF8*$!
{
	archiveVersion = 1;
	classes = {
	};
	objectVersion = 55;
	objects = {

/* Begin PBXBuildFile section */
		6625A3172A97D1F2007348D0 /* HomeViewModel.swift in Sources */ = {isa = PBXBuildFile; fileRef = 6625A3162A97D1F2007348D0 /* HomeViewModel.swift */; };
		6625A31C2A97DED7007348D0 /* CheckBoxToggleStyle.swift in Sources */ = {isa = PBXBuildFile; fileRef = 6625A31B2A97DED7007348D0 /* CheckBoxToggleStyle.swift */; };
		6625A31F2A97DF31007348D0 /* PomodoroTask.swift in Sources */ = {isa = PBXBuildFile; fileRef = 6625A31E2A97DF31007348D0 /* PomodoroTask.swift */; };
		6625A3212A97DF4E007348D0 /* TimerView.swift in Sources */ = {isa = PBXBuildFile; fileRef = 6625A3202A97DF4E007348D0 /* TimerView.swift */; };
		6625A3232A990949007348D0 /* CipollaTimerView.swift in Sources */ = {isa = PBXBuildFile; fileRef = 6625A3222A990949007348D0 /* CipollaTimerView.swift */; };
		6625A3252A9938A0007348D0 /* Options.swift in Sources */ = {isa = PBXBuildFile; fileRef = 6625A3242A9938A0007348D0 /* Options.swift */; };
		6625A3282A993B23007348D0 /* Color.swift in Sources */ = {isa = PBXBuildFile; fileRef = 6625A3272A993B23007348D0 /* Color.swift */; };
		662BC1D5286B670A00768B5C /* cipollaApp.swift in Sources */ = {isa = PBXBuildFile; fileRef = 662BC1D4286B670A00768B5C /* cipollaApp.swift */; };
		662BC1D7286B670A00768B5C /* HomeView.swift in Sources */ = {isa = PBXBuildFile; fileRef = 662BC1D6286B670A00768B5C /* HomeView.swift */; };
		662BC1D9286B670C00768B5C /* Assets.xcassets in Resources */ = {isa = PBXBuildFile; fileRef = 662BC1D8286B670C00768B5C /* Assets.xcassets */; };
		662BC1DC286B670C00768B5C /* Preview Assets.xcassets in Resources */ = {isa = PBXBuildFile; fileRef = 662BC1DB286B670C00768B5C /* Preview Assets.xcassets */; };
		665F40102A9E43F0001EF92D /* StoreManager.swift in Sources */ = {isa = PBXBuildFile; fileRef = 665F400F2A9E43F0001EF92D /* StoreManager.swift */; };
		6660D4672A9B9C3900AA3847 /* Banner.swift in Sources */ = {isa = PBXBuildFile; fileRef = 6660D4662A9B9C3900AA3847 /* Banner.swift */; };
		6660D4692A9B9D7C00AA3847 /* Interstitial.swift in Sources */ = {isa = PBXBuildFile; fileRef = 6660D4682A9B9D7C00AA3847 /* Interstitial.swift */; };
		6660D46C2A9CF5F400AA3847 /* InAppPurchases.swift in Sources */ = {isa = PBXBuildFile; fileRef = 6660D46B2A9CF5F400AA3847 /* InAppPurchases.swift */; };
		6660D46E2A9CF79600AA3847 /* StoreKit.framework in Frameworks */ = {isa = PBXBuildFile; fileRef = 6660D46D2A9CF79600AA3847 /* StoreKit.framework */; };
		8F7DB64ABC61F052FA7A62BF /* Pods_cipolla.framework in Frameworks */ = {isa = PBXBuildFile; fileRef = 9CD5EA6A393A65F4BC074907 /* Pods_cipolla.framework */; };
/* End PBXBuildFile section */

/* Begin PBXFileReference section */
		4B1730EEA9FB6E2594FEF179 /* Pods-cipolla.release.xcconfig */ = {isa = PBXFileReference; includeInIndex = 1; lastKnownFileType = text.xcconfig; name = "Pods-cipolla.release.xcconfig"; path = "Target Support Files/Pods-cipolla/Pods-cipolla.release.xcconfig"; sourceTree = "<group>"; };
		6625A3162A97D1F2007348D0 /* HomeViewModel.swift */ = {isa = PBXFileReference; lastKnownFileType = sourcecode.swift; path = HomeViewModel.swift; sourceTree = "<group>"; };
		6625A31B2A97DED7007348D0 /* CheckBoxToggleStyle.swift */ = {isa = PBXFileReference; lastKnownFileType = sourcecode.swift; path = CheckBoxToggleStyle.swift; sourceTree = "<group>"; };
		6625A31E2A97DF31007348D0 /* PomodoroTask.swift */ = {isa = PBXFileReference; lastKnownFileType = sourcecode.swift; path = PomodoroTask.swift; sourceTree = "<group>"; };
		6625A3202A97DF4E007348D0 /* TimerView.swift */ = {isa = PBXFileReference; lastKnownFileType = sourcecode.swift; path = TimerView.swift; sourceTree = "<group>"; };
		6625A3222A990949007348D0 /* CipollaTimerView.swift */ = {isa = PBXFileReference; lastKnownFileType = sourcecode.swift; path = CipollaTimerView.swift; sourceTree = "<group>"; };
		6625A3242A9938A0007348D0 /* Options.swift */ = {isa = PBXFileReference; lastKnownFileType = sourcecode.swift; path = Options.swift; sourceTree = "<group>"; };
		6625A3272A993B23007348D0 /* Color.swift */ = {isa = PBXFileReference; lastKnownFileType = sourcecode.swift; path = Color.swift; sourceTree = "<group>"; };
		662BC1D1286B670A00768B5C /* cipolla.app */ = {isa = PBXFileReference; explicitFileType = wrapper.application; includeInIndex = 0; path = cipolla.app; sourceTree = BUILT_PRODUCTS_DIR; };
		662BC1D4286B670A00768B5C /* cipollaApp.swift */ = {isa = PBXFileReference; lastKnownFileType = sourcecode.swift; path = cipollaApp.swift; sourceTree = "<group>"; };
		662BC1D6286B670A00768B5C /* HomeView.swift */ = {isa = PBXFileReference; lastKnownFileType = sourcecode.swift; path = HomeView.swift; sourceTree = "<group>"; };
		662BC1D8286B670C00768B5C /* Assets.xcassets */ = {isa = PBXFileReference; lastKnownFileType = folder.assetcatalog; path = Assets.xcassets; sourceTree = "<group>"; };
		662BC1DB286B670C00768B5C /* Preview Assets.xcassets */ = {isa = PBXFileReference; lastKnownFileType = folder.assetcatalog; path = "Preview Assets.xcassets"; sourceTree = "<group>"; };
		665F400F2A9E43F0001EF92D /* StoreManager.swift */ = {isa = PBXFileReference; lastKnownFileType = sourcecode.swift; path = StoreManager.swift; sourceTree = "<group>"; };
		6660D4642A9B9BFD00AA3847 /* Info.plist */ = {isa = PBXFileReference; lastKnownFileType = text.plist; path = Info.plist; sourceTree = "<group>"; };
		6660D4662A9B9C3900AA3847 /* Banner.swift */ = {isa = PBXFileReference; lastKnownFileType = sourcecode.swift; path = Banner.swift; sourceTree = "<group>"; };
		6660D4682A9B9D7C00AA3847 /* Interstitial.swift */ = {isa = PBXFileReference; lastKnownFileType = sourcecode.swift; path = Interstitial.swift; sourceTree = "<group>"; };
		6660D46B2A9CF5F400AA3847 /* InAppPurchases.swift */ = {isa = PBXFileReference; lastKnownFileType = sourcecode.swift; path = InAppPurchases.swift; sourceTree = "<group>"; };
		6660D46D2A9CF79600AA3847 /* StoreKit.framework */ = {isa = PBXFileReference; lastKnownFileType = wrapper.framework; name = StoreKit.framework; path = System/Library/Frameworks/StoreKit.framework; sourceTree = SDKROOT; };
		6660D46F2A9CF7CF00AA3847 /* Products.storekit */ = {isa = PBXFileReference; lastKnownFileType = text; path = Products.storekit; sourceTree = "<group>"; };
		9CD5EA6A393A65F4BC074907 /* Pods_cipolla.framework */ = {isa = PBXFileReference; explicitFileType = wrapper.framework; includeInIndex = 0; path = Pods_cipolla.framework; sourceTree = BUILT_PRODUCTS_DIR; };
		F9246D374449F1109C6BD431 /* Pods-cipolla.debug.xcconfig */ = {isa = PBXFileReference; includeInIndex = 1; lastKnownFileType = text.xcconfig; name = "Pods-cipolla.debug.xcconfig"; path = "Target Support Files/Pods-cipolla/Pods-cipolla.debug.xcconfig"; sourceTree = "<group>"; };
/* End PBXFileReference section */

/* Begin PBXFrameworksBuildPhase section */
		662BC1CE286B670A00768B5C /* Frameworks */ = {
			isa = PBXFrameworksBuildPhase;
			buildActionMask = 2147483647;
			files = (
				8F7DB64ABC61F052FA7A62BF /* Pods_cipolla.framework in Frameworks */,
				6660D46E2A9CF79600AA3847 /* StoreKit.framework in Frameworks */,
			);
			runOnlyForDeploymentPostprocessing = 0;
		};
/* End PBXFrameworksBuildPhase section */

/* Begin PBXGroup section */
		007389B5DF31A78AB75BE7FC /* Frameworks */ = {
			isa = PBXGroup;
			children = (
				6660D46D2A9CF79600AA3847 /* StoreKit.framework */,
				9CD5EA6A393A65F4BC074907 /* Pods_cipolla.framework */,
			);
			name = Frameworks;
			sourceTree = "<group>";
		};
		2CD53EE13565859C233F9FBC /* Pods */ = {
			isa = PBXGroup;
			children = (
				F9246D374449F1109C6BD431 /* Pods-cipolla.debug.xcconfig */,
				4B1730EEA9FB6E2594FEF179 /* Pods-cipolla.release.xcconfig */,
			);
			path = Pods;
			sourceTree = "<group>";
		};
		6625A3182A97DEA1007348D0 /* ViewModel */ = {
			isa = PBXGroup;
			children = (
				6625A3162A97D1F2007348D0 /* HomeViewModel.swift */,
			);
			path = ViewModel;
			sourceTree = "<group>";
		};
		6625A3192A97DEAB007348D0 /* Views */ = {
			isa = PBXGroup;
			children = (
				662BC1D6286B670A00768B5C /* HomeView.swift */,
				6625A3202A97DF4E007348D0 /* TimerView.swift */,
				6625A3222A990949007348D0 /* CipollaTimerView.swift */,
				6625A3242A9938A0007348D0 /* Options.swift */,
			);
			path = Views;
			sourceTree = "<group>";
		};
		6625A31A2A97DEBF007348D0 /* Components */ = {
			isa = PBXGroup;
			children = (
				6625A31B2A97DED7007348D0 /* CheckBoxToggleStyle.swift */,
			);
			path = Components;
			sourceTree = "<group>";
		};
		6625A31D2A97DF1D007348D0 /* Models */ = {
			isa = PBXGroup;
			children = (
				6625A31E2A97DF31007348D0 /* PomodoroTask.swift */,
			);
			path = Models;
			sourceTree = "<group>";
		};
		6625A3262A993B1A007348D0 /* Extensions */ = {
			isa = PBXGroup;
			children = (
				6625A3272A993B23007348D0 /* Color.swift */,
			);
			path = Extensions;
			sourceTree = "<group>";
		};
		662BC1C8286B670A00768B5C = {
			isa = PBXGroup;
			children = (
				662BC1D3286B670A00768B5C /* cipolla */,
				662BC1D2286B670A00768B5C /* Products */,
				2CD53EE13565859C233F9FBC /* Pods */,
				007389B5DF31A78AB75BE7FC /* Frameworks */,
			);
			sourceTree = "<group>";
		};
		662BC1D2286B670A00768B5C /* Products */ = {
			isa = PBXGroup;
			children = (
				662BC1D1286B670A00768B5C /* cipolla.app */,
			);
			name = Products;
			sourceTree = "<group>";
		};
		662BC1D3286B670A00768B5C /* cipolla */ = {
			isa = PBXGroup;
			children = (
				6660D46A2A9CF5E100AA3847 /* AppStore */,
				662BC1D4286B670A00768B5C /* cipollaApp.swift */,
				6660D4642A9B9BFD00AA3847 /* Info.plist */,
				662BC1D8286B670C00768B5C /* Assets.xcassets */,
				6625A3262A993B1A007348D0 /* Extensions */,
				6660D4652A9B9C3200AA3847 /* Admob */,
				6625A31A2A97DEBF007348D0 /* Components */,
				6625A31D2A97DF1D007348D0 /* Models */,
				6625A3182A97DEA1007348D0 /* ViewModel */,
				6625A3192A97DEAB007348D0 /* Views */,
				662BC1DA286B670C00768B5C /* Preview Content */,
			);
			path = cipolla;
			sourceTree = "<group>";
		};
		662BC1DA286B670C00768B5C /* Preview Content */ = {
			isa = PBXGroup;
			children = (
				662BC1DB286B670C00768B5C /* Preview Assets.xcassets */,
			);
			path = "Preview Content";
			sourceTree = "<group>";
		};
		6660D4652A9B9C3200AA3847 /* Admob */ = {
			isa = PBXGroup;
			children = (
				6660D4662A9B9C3900AA3847 /* Banner.swift */,
				6660D4682A9B9D7C00AA3847 /* Interstitial.swift */,
			);
			path = Admob;
			sourceTree = "<group>";
		};
		6660D46A2A9CF5E100AA3847 /* AppStore */ = {
			isa = PBXGroup;
			children = (
				6660D46B2A9CF5F400AA3847 /* InAppPurchases.swift */,
				6660D46F2A9CF7CF00AA3847 /* Products.storekit */,
				665F400F2A9E43F0001EF92D /* StoreManager.swift */,
			);
			path = AppStore;
			sourceTree = "<group>";
		};
/* End PBXGroup section */

/* Begin PBXNativeTarget section */
		662BC1D0286B670A00768B5C /* cipolla */ = {
			isa = PBXNativeTarget;
			buildConfigurationList = 662BC1DF286B670C00768B5C /* Build configuration list for PBXNativeTarget "cipolla" */;
			buildPhases = (
				4E470662EA91BAC5FA0C9B55 /* [CP] Check Pods Manifest.lock */,
				662BC1CD286B670A00768B5C /* Sources */,
				662BC1CE286B670A00768B5C /* Frameworks */,
				662BC1CF286B670A00768B5C /* Resources */,
				37662F5CC111FEBECED31A04 /* [CP] Embed Pods Frameworks */,
			);
			buildRules = (
			);
			dependencies = (
			);
			name = cipolla;
			productName = cipolla;
			productReference = 662BC1D1286B670A00768B5C /* cipolla.app */;
			productType = "com.apple.product-type.application";
		};
/* End PBXNativeTarget section */

/* Begin PBXProject section */
		662BC1C9286B670A00768B5C /* Project object */ = {
			isa = PBXProject;
			attributes = {
				BuildIndependentTargetsInParallel = 1;
				LastSwiftUpdateCheck = 1340;
				LastUpgradeCheck = 1340;
				TargetAttributes = {
					662BC1D0286B670A00768B5C = {
						CreatedOnToolsVersion = 13.4.1;
					};
				};
			};
			buildConfigurationList = 662BC1CC286B670A00768B5C /* Build configuration list for PBXProject "cipolla" */;
			compatibilityVersion = "Xcode 13.0";
			developmentRegion = en;
			hasScannedForEncodings = 0;
			knownRegions = (
				en,
				Base,
			);
			mainGroup = 662BC1C8286B670A00768B5C;
			productRefGroup = 662BC1D2286B670A00768B5C /* Products */;
			projectDirPath = "";
			projectRoot = "";
			targets = (
				662BC1D0286B670A00768B5C /* cipolla */,
			);
		};
/* End PBXProject section */

/* Begin PBXResourcesBuildPhase section */
		662BC1CF286B670A00768B5C /* Resources */ = {
			isa = PBXResourcesBuildPhase;
			buildActionMask = 2147483647;
			files = (
				662BC1DC286B670C00768B5C /* Preview Assets.xcassets in Resources */,
				662BC1D9286B670C00768B5C /* Assets.xcassets in Resources */,
			);
			runOnlyForDeploymentPostprocessing = 0;
		};
/* End PBXResourcesBuildPhase section */

/* Begin PBXShellScriptBuildPhase section */
		37662F5CC111FEBECED31A04 /* [CP] Embed Pods Frameworks */ = {
			isa = PBXShellScriptBuildPhase;
			buildActionMask = 2147483647;
			files = (
			);
			inputFileListPaths = (
				"${PODS_ROOT}/Target Support Files/Pods-cipolla/Pods-cipolla-frameworks-${CONFIGURATION}-input-files.xcfilelist",
			);
			name = "[CP] Embed Pods Frameworks";
			outputFileListPaths = (
				"${PODS_ROOT}/Target Support Files/Pods-cipolla/Pods-cipolla-frameworks-${CONFIGURATION}-output-files.xcfilelist",
			);
			runOnlyForDeploymentPostprocessing = 0;
			shellPath = /bin/sh;
			shellScript = "\"${PODS_ROOT}/Target Support Files/Pods-cipolla/Pods-cipolla-frameworks.sh\"\n";
			showEnvVarsInLog = 0;
		};
		4E470662EA91BAC5FA0C9B55 /* [CP] Check Pods Manifest.lock */ = {
			isa = PBXShellScriptBuildPhase;
			buildActionMask = 2147483647;
			files = (
			);
			inputFileListPaths = (
			);
			inputPaths = (
				"${PODS_PODFILE_DIR_PATH}/Podfile.lock",
				"${PODS_ROOT}/Manifest.lock",
			);
			name = "[CP] Check Pods Manifest.lock";
			outputFileListPaths = (
			);
			outputPaths = (
				"$(DERIVED_FILE_DIR)/Pods-cipolla-checkManifestLockResult.txt",
			);
			runOnlyForDeploymentPostprocessing = 0;
			shellPath = /bin/sh;
			shellScript = "diff \"${PODS_PODFILE_DIR_PATH}/Podfile.lock\" \"${PODS_ROOT}/Manifest.lock\" > /dev/null\nif [ $? != 0 ] ; then\n    # print error to STDERR\n    echo \"error: The sandbox is not in sync with the Podfile.lock. Run 'pod install' or update your CocoaPods installation.\" >&2\n    exit 1\nfi\n# This output is used by Xcode 'outputs' to avoid re-running this script phase.\necho \"SUCCESS\" > \"${SCRIPT_OUTPUT_FILE_0}\"\n";
			showEnvVarsInLog = 0;
		};
/* End PBXShellScriptBuildPhase section */

/* Begin PBXSourcesBuildPhase section */
		662BC1CD286B670A00768B5C /* Sources */ = {
			isa = PBXSourcesBuildPhase;
			buildActionMask = 2147483647;
			files = (
				6625A3212A97DF4E007348D0 /* TimerView.swift in Sources */,
				665F40102A9E43F0001EF92D /* StoreManager.swift in Sources */,
				6660D46C2A9CF5F400AA3847 /* InAppPurchases.swift in Sources */,
				662BC1D7286B670A00768B5C /* HomeView.swift in Sources */,
				6625A3172A97D1F2007348D0 /* HomeViewModel.swift in Sources */,
				6625A31C2A97DED7007348D0 /* CheckBoxToggleStyle.swift in Sources */,
				6660D4692A9B9D7C00AA3847 /* Interstitial.swift in Sources */,
				6625A3252A9938A0007348D0 /* Options.swift in Sources */,
				6625A31F2A97DF31007348D0 /* PomodoroTask.swift in Sources */,
				6625A3232A990949007348D0 /* CipollaTimerView.swift in Sources */,
				6660D4672A9B9C3900AA3847 /* Banner.swift in Sources */,
				662BC1D5286B670A00768B5C /* cipollaApp.swift in Sources */,
				6625A3282A993B23007348D0 /* Color.swift in Sources */,
			);
			runOnlyForDeploymentPostprocessing = 0;
		};
/* End PBXSourcesBuildPhase section */

/* Begin XCBuildConfiguration section */
		662BC1DD286B670C00768B5C /* Debug */ = {
			isa = XCBuildConfiguration;
			buildSettings = {
				ALWAYS_SEARCH_USER_PATHS = NO;
				CLANG_ANALYZER_NONNULL = YES;
				CLANG_ANALYZER_NUMBER_OBJECT_CONVERSION = YES_AGGRESSIVE;
				CLANG_CXX_LANGUAGE_STANDARD = "gnu++17";
				CLANG_ENABLE_MODULES = YES;
				CLANG_ENABLE_OBJC_ARC = YES;
				CLANG_ENABLE_OBJC_WEAK = YES;
				CLANG_WARN_BLOCK_CAPTURE_AUTORELEASING = YES;
				CLANG_WARN_BOOL_CONVERSION = YES;
				CLANG_WARN_COMMA = YES;
				CLANG_WARN_CONSTANT_CONVERSION = YES;
				CLANG_WARN_DEPRECATED_OBJC_IMPLEMENTATIONS = YES;
				CLANG_WARN_DIRECT_OBJC_ISA_USAGE = YES_ERROR;
				CLANG_WARN_DOCUMENTATION_COMMENTS = YES;
				CLANG_WARN_EMPTY_BODY = YES;
				CLANG_WARN_ENUM_CONVERSION = YES;
				CLANG_WARN_INFINITE_RECURSION = YES;
				CLANG_WARN_INT_CONVERSION = YES;
				CLANG_WARN_NON_LITERAL_NULL_CONVERSION = YES;
				CLANG_WARN_OBJC_IMPLICIT_RETAIN_SELF = YES;
				CLANG_WARN_OBJC_LITERAL_CONVERSION = YES;
				CLANG_WARN_OBJC_ROOT_CLASS = YES_ERROR;
				CLANG_WARN_QUOTED_INCLUDE_IN_FRAMEWORK_HEADER = YES;
				CLANG_WARN_RANGE_LOOP_ANALYSIS = YES;
				CLANG_WARN_STRICT_PROTOTYPES = YES;
				CLANG_WARN_SUSPICIOUS_MOVE = YES;
				CLANG_WARN_UNGUARDED_AVAILABILITY = YES_AGGRESSIVE;
				CLANG_WARN_UNREACHABLE_CODE = YES;
				CLANG_WARN__DUPLICATE_METHOD_MATCH = YES;
				COPY_PHASE_STRIP = NO;
				DEBUG_INFORMATION_FORMAT = dwarf;
				ENABLE_STRICT_OBJC_MSGSEND = YES;
				ENABLE_TESTABILITY = YES;
				GCC_C_LANGUAGE_STANDARD = gnu11;
				GCC_DYNAMIC_NO_PIC = NO;
				GCC_NO_COMMON_BLOCKS = YES;
				GCC_OPTIMIZATION_LEVEL = 0;
				GCC_PREPROCESSOR_DEFINITIONS = (
					"DEBUG=1",
					"$(inherited)",
				);
				GCC_WARN_64_TO_32_BIT_CONVERSION = YES;
				GCC_WARN_ABOUT_RETURN_TYPE = YES_ERROR;
				GCC_WARN_UNDECLARED_SELECTOR = YES;
				GCC_WARN_UNINITIALIZED_AUTOS = YES_AGGRESSIVE;
				GCC_WARN_UNUSED_FUNCTION = YES;
				GCC_WARN_UNUSED_VARIABLE = YES;
				IPHONEOS_DEPLOYMENT_TARGET = 16.0;
				MTL_ENABLE_DEBUG_INFO = INCLUDE_SOURCE;
				MTL_FAST_MATH = YES;
				ONLY_ACTIVE_ARCH = YES;
				SDKROOT = iphoneos;
				SWIFT_ACTIVE_COMPILATION_CONDITIONS = DEBUG;
				SWIFT_OPTIMIZATION_LEVEL = "-Onone";
			};
			name = Debug;
		};
		662BC1DE286B670C00768B5C /* Release */ = {
			isa = XCBuildConfiguration;
			buildSettings = {
				ALWAYS_SEARCH_USER_PATHS = NO;
				CLANG_ANALYZER_NONNULL = YES;
				CLANG_ANALYZER_NUMBER_OBJECT_CONVERSION = YES_AGGRESSIVE;
				CLANG_CXX_LANGUAGE_STANDARD = "gnu++17";
				CLANG_ENABLE_MODULES = YES;
				CLANG_ENABLE_OBJC_ARC = YES;
				CLANG_ENABLE_OBJC_WEAK = YES;
				CLANG_WARN_BLOCK_CAPTURE_AUTORELEASING = YES;
				CLANG_WARN_BOOL_CONVERSION = YES;
				CLANG_WARN_COMMA = YES;
				CLANG_WARN_CONSTANT_CONVERSION = YES;
				CLANG_WARN_DEPRECATED_OBJC_IMPLEMENTATIONS = YES;
				CLANG_WARN_DIRECT_OBJC_ISA_USAGE = YES_ERROR;
				CLANG_WARN_DOCUMENTATION_COMMENTS = YES;
				CLANG_WARN_EMPTY_BODY = YES;
				CLANG_WARN_ENUM_CONVERSION = YES;
				CLANG_WARN_INFINITE_RECURSION = YES;
				CLANG_WARN_INT_CONVERSION = YES;
				CLANG_WARN_NON_LITERAL_NULL_CONVERSION = YES;
				CLANG_WARN_OBJC_IMPLICIT_RETAIN_SELF = YES;
				CLANG_WARN_OBJC_LITERAL_CONVERSION = YES;
				CLANG_WARN_OBJC_ROOT_CLASS = YES_ERROR;
				CLANG_WARN_QUOTED_INCLUDE_IN_FRAMEWORK_HEADER = YES;
				CLANG_WARN_RANGE_LOOP_ANALYSIS = YES;
				CLANG_WARN_STRICT_PROTOTYPES = YES;
				CLANG_WARN_SUSPICIOUS_MOVE = YES;
				CLANG_WARN_UNGUARDED_AVAILABILITY = YES_AGGRESSIVE;
				CLANG_WARN_UNREACHABLE_CODE = YES;
				CLANG_WARN__DUPLICATE_METHOD_MATCH = YES;
				COPY_PHASE_STRIP = NO;
				DEBUG_INFORMATION_FORMAT = "dwarf-with-dsym";
				ENABLE_NS_ASSERTIONS = NO;
				ENABLE_STRICT_OBJC_MSGSEND = YES;
				GCC_C_LANGUAGE_STANDARD = gnu11;
				GCC_NO_COMMON_BLOCKS = YES;
				GCC_WARN_64_TO_32_BIT_CONVERSION = YES;
				GCC_WARN_ABOUT_RETURN_TYPE = YES_ERROR;
				GCC_WARN_UNDECLARED_SELECTOR = YES;
				GCC_WARN_UNINITIALIZED_AUTOS = YES_AGGRESSIVE;
				GCC_WARN_UNUSED_FUNCTION = YES;
				GCC_WARN_UNUSED_VARIABLE = YES;
				IPHONEOS_DEPLOYMENT_TARGET = 16.0;
				MTL_ENABLE_DEBUG_INFO = NO;
				MTL_FAST_MATH = YES;
				SDKROOT = iphoneos;
				SWIFT_COMPILATION_MODE = wholemodule;
				SWIFT_OPTIMIZATION_LEVEL = "-O";
				VALIDATE_PRODUCT = YES;
			};
			name = Release;
		};
		662BC1E0286B670C00768B5C /* Debug */ = {
			isa = XCBuildConfiguration;
			baseConfigurationReference = F9246D374449F1109C6BD431 /* Pods-cipolla.debug.xcconfig */;
			buildSettings = {
				ASSETCATALOG_COMPILER_APPICON_NAME = AppIcon;
				ASSETCATALOG_COMPILER_GLOBAL_ACCENT_COLOR_NAME = AccentColor;
				CODE_SIGN_STYLE = Automatic;
				CURRENT_PROJECT_VERSION = 1;
				DEVELOPMENT_ASSET_PATHS = "\"cipolla/Preview Content\"";
				DEVELOPMENT_TEAM = 6SFM579B5E;
				ENABLE_PREVIEWS = YES;
				GENERATE_INFOPLIST_FILE = YES;
				INFOPLIST_FILE = cipolla/Info.plist;
				INFOPLIST_KEY_CFBundleDisplayName = Cipolla;
				INFOPLIST_KEY_LSApplicationCategoryType = "public.app-category.productivity";
				INFOPLIST_KEY_UIApplicationSceneManifest_Generation = YES;
				INFOPLIST_KEY_UIApplicationSupportsIndirectInputEvents = YES;
				INFOPLIST_KEY_UILaunchScreen_Generation = YES;
				INFOPLIST_KEY_UISupportedInterfaceOrientations_iPad = "UIInterfaceOrientationPortrait UIInterfaceOrientationPortraitUpsideDown UIInterfaceOrientationLandscapeLeft UIInterfaceOrientationLandscapeRight";
				INFOPLIST_KEY_UISupportedInterfaceOrientations_iPhone = "UIInterfaceOrientationPortrait UIInterfaceOrientationLandscapeLeft UIInterfaceOrientationLandscapeRight";
				IPHONEOS_DEPLOYMENT_TARGET = 16.0;
				LD_RUNPATH_SEARCH_PATHS = (
					"$(inherited)",
					"@executable_path/Frameworks",
				);
				MARKETING_VERSION = 2.0.0;
				PRODUCT_BUNDLE_IDENTIFIER = design.rdConcepts.cipolla;
				PRODUCT_NAME = "$(TARGET_NAME)";
				SWIFT_EMIT_LOC_STRINGS = YES;
				SWIFT_VERSION = 5.0;
				TARGETED_DEVICE_FAMILY = "1,2";
			};
			name = Debug;
		};
		662BC1E1286B670C00768B5C /* Release */ = {
			isa = XCBuildConfiguration;
			baseConfigurationReference = 4B1730EEA9FB6E2594FEF179 /* Pods-cipolla.release.xcconfig */;
			buildSettings = {
				ASSETCATALOG_COMPILER_APPICON_NAME = AppIcon;
				ASSETCATALOG_COMPILER_GLOBAL_ACCENT_COLOR_NAME = AccentColor;
				CODE_SIGN_STYLE = Automatic;
				CURRENT_PROJECT_VERSION = 1;
				DEVELOPMENT_ASSET_PATHS = "\"cipolla/Preview Content\"";
				DEVELOPMENT_TEAM = 6SFM579B5E;
				ENABLE_PREVIEWS = YES;
				GENERATE_INFOPLIST_FILE = YES;
				INFOPLIST_FILE = cipolla/Info.plist;
				INFOPLIST_KEY_CFBundleDisplayName = Cipolla;
				INFOPLIST_KEY_LSApplicationCategoryType = "public.app-category.productivity";
				INFOPLIST_KEY_UIApplicationSceneManifest_Generation = YES;
				INFOPLIST_KEY_UIApplicationSupportsIndirectInputEvents = YES;
				INFOPLIST_KEY_UILaunchScreen_Generation = YES;
				INFOPLIST_KEY_UISupportedInterfaceOrientations_iPad = "UIInterfaceOrientationPortrait UIInterfaceOrientationPortraitUpsideDown UIInterfaceOrientationLandscapeLeft UIInterfaceOrientationLandscapeRight";
				INFOPLIST_KEY_UISupportedInterfaceOrientations_iPhone = "UIInterfaceOrientationPortrait UIInterfaceOrientationLandscapeLeft UIInterfaceOrientationLandscapeRight";
				IPHONEOS_DEPLOYMENT_TARGET = 16.0;
				LD_RUNPATH_SEARCH_PATHS = (
					"$(inherited)",
					"@executable_path/Frameworks",
				);
				MARKETING_VERSION = 2.0.0;
				PRODUCT_BUNDLE_IDENTIFIER = design.rdConcepts.cipolla;
				PRODUCT_NAME = "$(TARGET_NAME)";
				SWIFT_EMIT_LOC_STRINGS = YES;
				SWIFT_VERSION = 5.0;
				TARGETED_DEVICE_FAMILY = "1,2";
			};
			name = Release;
		};
/* End XCBuildConfiguration section */

/* Begin XCConfigurationList section */
		662BC1CC286B670A00768B5C /* Build configuration list for PBXProject "cipolla" */ = {
			isa = XCConfigurationList;
			buildConfigurations = (
				662BC1DD286B670C00768B5C /* Debug */,
				662BC1DE286B670C00768B5C /* Release */,
			);
			defaultConfigurationIsVisible = 0;
			defaultConfigurationName = Debug;
		};
		662BC1DF286B670C00768B5C /* Build configuration list for PBXNativeTarget "cipolla" */ = {
			isa = XCConfigurationList;
			buildConfigurations = (
				662BC1E0286B670C00768B5C /* Debug */,
				662BC1E1286B670C00768B5C /* Release */,
			);
			defaultConfigurationIsVisible = 0;
			defaultConfigurationName = Debug;
		};
/* End XCConfigurationList section */
	};
	rootObject = 662BC1C9286B670A00768B5C /* Project object */;
}
